// !$*UTF8*$!
{
	archiveVersion = 1;
	classes = {
	};
	objectVersion = 46;
	objects = {

/* Begin PBXBuildFile section */
		29349349917F5C1851B4F55A /* Pods_ios.framework in Frameworks */ = {isa = PBXBuildFile; fileRef = 5937B8C3F5F0A4A4CE856420 /* Pods_ios.framework */; };
		E1C346EFA28BF38552C587CE /* Pods_iosTests.framework in Frameworks */ = {isa = PBXBuildFile; fileRef = 7F8E22412336D20F62562829 /* Pods_iosTests.framework */; };
		FC121B121D1F610500E915DF /* Event.swift in Sources */ = {isa = PBXBuildFile; fileRef = FC121B111D1F610500E915DF /* Event.swift */; };
		FC121B131D1F610500E915DF /* Event.swift in Sources */ = {isa = PBXBuildFile; fileRef = FC121B111D1F610500E915DF /* Event.swift */; };
		FC205FBE1D1F6FE40042CB49 /* EventTableViewCell.swift in Sources */ = {isa = PBXBuildFile; fileRef = FC205FBD1D1F6FE40042CB49 /* EventTableViewCell.swift */; };
		FC205FC21D1F783D0042CB49 /* ManagementServer.swift in Sources */ = {isa = PBXBuildFile; fileRef = FC205FC11D1F783D0042CB49 /* ManagementServer.swift */; };
		FC205FDB1D1F7B590042CB49 /* Alamofire.framework in Frameworks */ = {isa = PBXBuildFile; fileRef = FC205FCE1D1F7AA30042CB49 /* Alamofire.framework */; };
		FC205FDC1D1F7B590042CB49 /* Alamofire.framework in Embed Frameworks */ = {isa = PBXBuildFile; fileRef = FC205FCE1D1F7AA30042CB49 /* Alamofire.framework */; settings = {ATTRIBUTES = (CodeSignOnCopy, RemoveHeadersOnCopy, ); }; };
		FC2D41491CF730970052C6ED /* AppDelegate.swift in Sources */ = {isa = PBXBuildFile; fileRef = FC2D41481CF730970052C6ED /* AppDelegate.swift */; };
		FC2D414B1CF730970052C6ED /* CreateEventViewController.swift in Sources */ = {isa = PBXBuildFile; fileRef = FC2D414A1CF730970052C6ED /* CreateEventViewController.swift */; };
		FC2D414E1CF730970052C6ED /* Main.storyboard in Resources */ = {isa = PBXBuildFile; fileRef = FC2D414C1CF730970052C6ED /* Main.storyboard */; };
		FC2D41501CF730970052C6ED /* Assets.xcassets in Resources */ = {isa = PBXBuildFile; fileRef = FC2D414F1CF730970052C6ED /* Assets.xcassets */; };
		FC2D41531CF730970052C6ED /* LaunchScreen.storyboard in Resources */ = {isa = PBXBuildFile; fileRef = FC2D41511CF730970052C6ED /* LaunchScreen.storyboard */; };
		FC2D415E1CF730970052C6ED /* iosTests.swift in Sources */ = {isa = PBXBuildFile; fileRef = FC2D415D1CF730970052C6ED /* iosTests.swift */; };
		FC5D0D151D1F6F8700A8B8BD /* EventTableViewController.swift in Sources */ = {isa = PBXBuildFile; fileRef = FC5D0D141D1F6F8700A8B8BD /* EventTableViewController.swift */; };
		FC6D58CF1D1FC246006354A6 /* EventViewController.swift in Sources */ = {isa = PBXBuildFile; fileRef = FC6D58CE1D1FC246006354A6 /* EventViewController.swift */; };
		FC6D58D71D1FC3B9006354A6 /* MapKit.framework in Frameworks */ = {isa = PBXBuildFile; fileRef = FC6D58D61D1FC3B9006354A6 /* MapKit.framework */; };
		FC6D58D91D205546006354A6 /* GoogleService-Info.plist in Resources */ = {isa = PBXBuildFile; fileRef = FC6D58D81D205546006354A6 /* GoogleService-Info.plist */; };
/* End PBXBuildFile section */

/* Begin PBXContainerItemProxy section */
		FC205FCD1D1F7AA30042CB49 /* PBXContainerItemProxy */ = {
			isa = PBXContainerItemProxy;
			containerPortal = FC205FC31D1F7AA20042CB49 /* Alamofire.xcodeproj */;
			proxyType = 2;
			remoteGlobalIDString = F8111E3319A95C8B0040E7D1;
			remoteInfo = "Alamofire iOS";
		};
		FC205FCF1D1F7AA30042CB49 /* PBXContainerItemProxy */ = {
			isa = PBXContainerItemProxy;
			containerPortal = FC205FC31D1F7AA20042CB49 /* Alamofire.xcodeproj */;
			proxyType = 2;
			remoteGlobalIDString = F8111E3E19A95C8B0040E7D1;
			remoteInfo = "Alamofire iOS Tests";
		};
		FC205FD11D1F7AA30042CB49 /* PBXContainerItemProxy */ = {
			isa = PBXContainerItemProxy;
			containerPortal = FC205FC31D1F7AA20042CB49 /* Alamofire.xcodeproj */;
			proxyType = 2;
			remoteGlobalIDString = 4DD67C0B1A5C55C900ED2280;
			remoteInfo = "Alamofire OSX";
		};
		FC205FD31D1F7AA30042CB49 /* PBXContainerItemProxy */ = {
			isa = PBXContainerItemProxy;
			containerPortal = FC205FC31D1F7AA20042CB49 /* Alamofire.xcodeproj */;
			proxyType = 2;
			remoteGlobalIDString = F829C6B21A7A94F100A2CD59;
			remoteInfo = "Alamofire OSX Tests";
		};
		FC205FD51D1F7AA30042CB49 /* PBXContainerItemProxy */ = {
			isa = PBXContainerItemProxy;
			containerPortal = FC205FC31D1F7AA20042CB49 /* Alamofire.xcodeproj */;
			proxyType = 2;
			remoteGlobalIDString = 4CF626EF1BA7CB3E0011A099;
			remoteInfo = "Alamofire tvOS";
		};
		FC205FD71D1F7AA30042CB49 /* PBXContainerItemProxy */ = {
			isa = PBXContainerItemProxy;
			containerPortal = FC205FC31D1F7AA20042CB49 /* Alamofire.xcodeproj */;
			proxyType = 2;
			remoteGlobalIDString = 4CF626F81BA7CB3E0011A099;
			remoteInfo = "Alamofire tvOS Tests";
		};
		FC205FD91D1F7AA30042CB49 /* PBXContainerItemProxy */ = {
			isa = PBXContainerItemProxy;
			containerPortal = FC205FC31D1F7AA20042CB49 /* Alamofire.xcodeproj */;
			proxyType = 2;
			remoteGlobalIDString = E4202FE01B667AA100C997FB;
			remoteInfo = "Alamofire watchOS";
		};
		FC205FDD1D1F7B590042CB49 /* PBXContainerItemProxy */ = {
			isa = PBXContainerItemProxy;
			containerPortal = FC205FC31D1F7AA20042CB49 /* Alamofire.xcodeproj */;
			proxyType = 1;
			remoteGlobalIDString = F8111E3219A95C8B0040E7D1;
			remoteInfo = "Alamofire iOS";
		};
		FC2D415A1CF730970052C6ED /* PBXContainerItemProxy */ = {
			isa = PBXContainerItemProxy;
			containerPortal = FC2D413D1CF730970052C6ED /* Project object */;
			proxyType = 1;
			remoteGlobalIDString = FC2D41441CF730970052C6ED;
			remoteInfo = ios;
		};
/* End PBXContainerItemProxy section */

/* Begin PBXCopyFilesBuildPhase section */
		FC205FDF1D1F7B590042CB49 /* Embed Frameworks */ = {
			isa = PBXCopyFilesBuildPhase;
			buildActionMask = 2147483647;
			dstPath = "";
			dstSubfolderSpec = 10;
			files = (
				FC205FDC1D1F7B590042CB49 /* Alamofire.framework in Embed Frameworks */,
			);
			name = "Embed Frameworks";
			runOnlyForDeploymentPostprocessing = 0;
		};
/* End PBXCopyFilesBuildPhase section */

/* Begin PBXFileReference section */
		2DA9B708EE7290CFC5CA8896 /* Pods-ios.debug.xcconfig */ = {isa = PBXFileReference; includeInIndex = 1; lastKnownFileType = text.xcconfig; name = "Pods-ios.debug.xcconfig"; path = "Pods/Target Support Files/Pods-ios/Pods-ios.debug.xcconfig"; sourceTree = "<group>"; };
		5937B8C3F5F0A4A4CE856420 /* Pods_ios.framework */ = {isa = PBXFileReference; explicitFileType = wrapper.framework; includeInIndex = 0; path = Pods_ios.framework; sourceTree = BUILT_PRODUCTS_DIR; };
		7F8E22412336D20F62562829 /* Pods_iosTests.framework */ = {isa = PBXFileReference; explicitFileType = wrapper.framework; includeInIndex = 0; path = Pods_iosTests.framework; sourceTree = BUILT_PRODUCTS_DIR; };
		800AA86DBDAA65D246441506 /* Pods-iosTests.release.xcconfig */ = {isa = PBXFileReference; includeInIndex = 1; lastKnownFileType = text.xcconfig; name = "Pods-iosTests.release.xcconfig"; path = "Pods/Target Support Files/Pods-iosTests/Pods-iosTests.release.xcconfig"; sourceTree = "<group>"; };
		90DEAF3BA2C1D6EBBAB2CE81 /* Pods-ios.release.xcconfig */ = {isa = PBXFileReference; includeInIndex = 1; lastKnownFileType = text.xcconfig; name = "Pods-ios.release.xcconfig"; path = "Pods/Target Support Files/Pods-ios/Pods-ios.release.xcconfig"; sourceTree = "<group>"; };
		E529CC3DB5861AA0C6194C1C /* Pods-iosTests.debug.xcconfig */ = {isa = PBXFileReference; includeInIndex = 1; lastKnownFileType = text.xcconfig; name = "Pods-iosTests.debug.xcconfig"; path = "Pods/Target Support Files/Pods-iosTests/Pods-iosTests.debug.xcconfig"; sourceTree = "<group>"; };
		FC121B111D1F610500E915DF /* Event.swift */ = {isa = PBXFileReference; fileEncoding = 4; lastKnownFileType = sourcecode.swift; path = Event.swift; sourceTree = "<group>"; };
		FC205FBD1D1F6FE40042CB49 /* EventTableViewCell.swift */ = {isa = PBXFileReference; fileEncoding = 4; lastKnownFileType = sourcecode.swift; path = EventTableViewCell.swift; sourceTree = "<group>"; };
		FC205FC11D1F783D0042CB49 /* ManagementServer.swift */ = {isa = PBXFileReference; fileEncoding = 4; lastKnownFileType = sourcecode.swift; path = ManagementServer.swift; sourceTree = "<group>"; };
		FC205FC31D1F7AA20042CB49 /* Alamofire.xcodeproj */ = {isa = PBXFileReference; lastKnownFileType = "wrapper.pb-project"; name = Alamofire.xcodeproj; path = Alamofire/Alamofire.xcodeproj; sourceTree = "<group>"; };
		FC2D41451CF730970052C6ED /* ios.app */ = {isa = PBXFileReference; explicitFileType = wrapper.application; includeInIndex = 0; path = ios.app; sourceTree = BUILT_PRODUCTS_DIR; };
		FC2D41481CF730970052C6ED /* AppDelegate.swift */ = {isa = PBXFileReference; lastKnownFileType = sourcecode.swift; path = AppDelegate.swift; sourceTree = "<group>"; };
		FC2D414A1CF730970052C6ED /* CreateEventViewController.swift */ = {isa = PBXFileReference; lastKnownFileType = sourcecode.swift; path = CreateEventViewController.swift; sourceTree = "<group>"; };
		FC2D414D1CF730970052C6ED /* Base */ = {isa = PBXFileReference; lastKnownFileType = file.storyboard; name = Base; path = Base.lproj/Main.storyboard; sourceTree = "<group>"; };
		FC2D414F1CF730970052C6ED /* Assets.xcassets */ = {isa = PBXFileReference; lastKnownFileType = folder.assetcatalog; path = Assets.xcassets; sourceTree = "<group>"; };
		FC2D41521CF730970052C6ED /* Base */ = {isa = PBXFileReference; lastKnownFileType = file.storyboard; name = Base; path = Base.lproj/LaunchScreen.storyboard; sourceTree = "<group>"; };
		FC2D41541CF730970052C6ED /* Info.plist */ = {isa = PBXFileReference; lastKnownFileType = text.plist.xml; path = Info.plist; sourceTree = "<group>"; };
		FC2D41591CF730970052C6ED /* iosTests.xctest */ = {isa = PBXFileReference; explicitFileType = wrapper.cfbundle; includeInIndex = 0; path = iosTests.xctest; sourceTree = BUILT_PRODUCTS_DIR; };
		FC2D415D1CF730970052C6ED /* iosTests.swift */ = {isa = PBXFileReference; lastKnownFileType = sourcecode.swift; path = iosTests.swift; sourceTree = "<group>"; };
		FC2D415F1CF730970052C6ED /* Info.plist */ = {isa = PBXFileReference; lastKnownFileType = text.plist.xml; path = Info.plist; sourceTree = "<group>"; };
		FC5D0D141D1F6F8700A8B8BD /* EventTableViewController.swift */ = {isa = PBXFileReference; fileEncoding = 4; lastKnownFileType = sourcecode.swift; path = EventTableViewController.swift; sourceTree = "<group>"; };
		FC6D58CE1D1FC246006354A6 /* EventViewController.swift */ = {isa = PBXFileReference; fileEncoding = 4; lastKnownFileType = sourcecode.swift; path = EventViewController.swift; sourceTree = "<group>"; };
		FC6D58D61D1FC3B9006354A6 /* MapKit.framework */ = {isa = PBXFileReference; lastKnownFileType = wrapper.framework; name = MapKit.framework; path = System/Library/Frameworks/MapKit.framework; sourceTree = SDKROOT; };
		FC6D58D81D205546006354A6 /* GoogleService-Info.plist */ = {isa = PBXFileReference; fileEncoding = 4; lastKnownFileType = text.plist.xml; path = "GoogleService-Info.plist"; sourceTree = "<group>"; };
/* End PBXFileReference section */

/* Begin PBXFrameworksBuildPhase section */
		FC2D41421CF730970052C6ED /* Frameworks */ = {
			isa = PBXFrameworksBuildPhase;
			buildActionMask = 2147483647;
			files = (
				FC6D58D71D1FC3B9006354A6 /* MapKit.framework in Frameworks */,
				FC205FDB1D1F7B590042CB49 /* Alamofire.framework in Frameworks */,
				29349349917F5C1851B4F55A /* Pods_ios.framework in Frameworks */,
			);
			runOnlyForDeploymentPostprocessing = 0;
		};
		FC2D41561CF730970052C6ED /* Frameworks */ = {
			isa = PBXFrameworksBuildPhase;
			buildActionMask = 2147483647;
			files = (
				E1C346EFA28BF38552C587CE /* Pods_iosTests.framework in Frameworks */,
			);
			runOnlyForDeploymentPostprocessing = 0;
		};
/* End PBXFrameworksBuildPhase section */

/* Begin PBXGroup section */
		9153B70CB6F416204F876F6C /* Pods */ = {
			isa = PBXGroup;
			children = (
				2DA9B708EE7290CFC5CA8896 /* Pods-ios.debug.xcconfig */,
				90DEAF3BA2C1D6EBBAB2CE81 /* Pods-ios.release.xcconfig */,
				E529CC3DB5861AA0C6194C1C /* Pods-iosTests.debug.xcconfig */,
				800AA86DBDAA65D246441506 /* Pods-iosTests.release.xcconfig */,
			);
			name = Pods;
			sourceTree = "<group>";
		};
		A94C10EA63FF687B1ABF0EF7 /* Frameworks */ = {
			isa = PBXGroup;
			children = (
				5937B8C3F5F0A4A4CE856420 /* Pods_ios.framework */,
				7F8E22412336D20F62562829 /* Pods_iosTests.framework */,
			);
			name = Frameworks;
			sourceTree = "<group>";
		};
		FC205FC01D1F77900042CB49 /* Server */ = {
			isa = PBXGroup;
			children = (
				FC205FC11D1F783D0042CB49 /* ManagementServer.swift */,
			);
			name = Server;
			sourceTree = "<group>";
		};
		FC205FC41D1F7AA20042CB49 /* Products */ = {
			isa = PBXGroup;
			children = (
				FC205FCE1D1F7AA30042CB49 /* Alamofire.framework */,
				FC205FD01D1F7AA30042CB49 /* Alamofire iOS Tests.xctest */,
				FC205FD21D1F7AA30042CB49 /* Alamofire.framework */,
				FC205FD41D1F7AA30042CB49 /* Alamofire OSX Tests.xctest */,
				FC205FD61D1F7AA30042CB49 /* Alamofire.framework */,
				FC205FD81D1F7AA30042CB49 /* Alamofire tvOS Tests.xctest */,
				FC205FDA1D1F7AA30042CB49 /* Alamofire.framework */,
			);
			name = Products;
			sourceTree = "<group>";
		};
		FC2D413C1CF730970052C6ED = {
			isa = PBXGroup;
			children = (
				FC6D58D61D1FC3B9006354A6 /* MapKit.framework */,
				FC2D41471CF730970052C6ED /* ios */,
				FC2D415C1CF730970052C6ED /* iosTests */,
				FC2D41461CF730970052C6ED /* Products */,
				FC205FC31D1F7AA20042CB49 /* Alamofire.xcodeproj */,
				9153B70CB6F416204F876F6C /* Pods */,
				A94C10EA63FF687B1ABF0EF7 /* Frameworks */,
			);
			sourceTree = "<group>";
		};
		FC2D41461CF730970052C6ED /* Products */ = {
			isa = PBXGroup;
			children = (
				FC2D41451CF730970052C6ED /* ios.app */,
				FC2D41591CF730970052C6ED /* iosTests.xctest */,
			);
			name = Products;
			sourceTree = "<group>";
		};
		FC2D41471CF730970052C6ED /* ios */ = {
			isa = PBXGroup;
			children = (
				FC205FC01D1F77900042CB49 /* Server */,
				FC205FBD1D1F6FE40042CB49 /* EventTableViewCell.swift */,
				FC2D41481CF730970052C6ED /* AppDelegate.swift */,
				FC2D414A1CF730970052C6ED /* CreateEventViewController.swift */,
				FC2D414C1CF730970052C6ED /* Main.storyboard */,
				FC5D0D141D1F6F8700A8B8BD /* EventTableViewController.swift */,
				FC121B111D1F610500E915DF /* Event.swift */,
				FC6D58CE1D1FC246006354A6 /* EventViewController.swift */,
				FC2D414F1CF730970052C6ED /* Assets.xcassets */,
				FC2D41511CF730970052C6ED /* LaunchScreen.storyboard */,
				FC2D41541CF730970052C6ED /* Info.plist */,
				FC6D58D81D205546006354A6 /* GoogleService-Info.plist */,
			);
			path = ios;
			sourceTree = "<group>";
		};
		FC2D415C1CF730970052C6ED /* iosTests */ = {
			isa = PBXGroup;
			children = (
				FC2D415D1CF730970052C6ED /* iosTests.swift */,
				FC2D415F1CF730970052C6ED /* Info.plist */,
			);
			path = iosTests;
			sourceTree = "<group>";
		};
/* End PBXGroup section */

/* Begin PBXNativeTarget section */
		FC2D41441CF730970052C6ED /* ios */ = {
			isa = PBXNativeTarget;
			buildConfigurationList = FC2D41621CF730970052C6ED /* Build configuration list for PBXNativeTarget "ios" */;
			buildPhases = (
				D00B84DCB3FA81A4F6E2C5E9 /* [CP] Check Pods Manifest.lock */,
				FC2D41411CF730970052C6ED /* Sources */,
				FC2D41421CF730970052C6ED /* Frameworks */,
				FC2D41431CF730970052C6ED /* Resources */,
				FC205FDF1D1F7B590042CB49 /* Embed Frameworks */,
				777EA28E0E0D285762949432 /* [CP] Embed Pods Frameworks */,
				177AB65B676BAA19D71B0B70 /* [CP] Copy Pods Resources */,
			);
			buildRules = (
			);
			dependencies = (
				FC205FDE1D1F7B590042CB49 /* PBXTargetDependency */,
			);
			name = ios;
			productName = ios;
			productReference = FC2D41451CF730970052C6ED /* ios.app */;
			productType = "com.apple.product-type.application";
		};
		FC2D41581CF730970052C6ED /* iosTests */ = {
			isa = PBXNativeTarget;
			buildConfigurationList = FC2D41651CF730970052C6ED /* Build configuration list for PBXNativeTarget "iosTests" */;
			buildPhases = (
				3A97D4927190D85FA5EEBA4F /* [CP] Check Pods Manifest.lock */,
				FC2D41551CF730970052C6ED /* Sources */,
				FC2D41561CF730970052C6ED /* Frameworks */,
				FC2D41571CF730970052C6ED /* Resources */,
				1C17C9462200B956C8EDE872 /* [CP] Embed Pods Frameworks */,
				D2E7D4106181DD876685341C /* [CP] Copy Pods Resources */,
			);
			buildRules = (
			);
			dependencies = (
				FC2D415B1CF730970052C6ED /* PBXTargetDependency */,
			);
			name = iosTests;
			productName = iosTests;
			productReference = FC2D41591CF730970052C6ED /* iosTests.xctest */;
			productType = "com.apple.product-type.bundle.unit-test";
		};
/* End PBXNativeTarget section */

/* Begin PBXProject section */
		FC2D413D1CF730970052C6ED /* Project object */ = {
			isa = PBXProject;
			attributes = {
				LastSwiftUpdateCheck = 0730;
				LastUpgradeCheck = 0730;
				ORGANIZATIONNAME = "Millin Gabani";
				TargetAttributes = {
					FC2D41441CF730970052C6ED = {
						CreatedOnToolsVersion = 7.3.1;
					};
					FC2D41581CF730970052C6ED = {
						CreatedOnToolsVersion = 7.3.1;
						TestTargetID = FC2D41441CF730970052C6ED;
					};
				};
			};
			buildConfigurationList = FC2D41401CF730970052C6ED /* Build configuration list for PBXProject "ios" */;
			compatibilityVersion = "Xcode 3.2";
			developmentRegion = English;
			hasScannedForEncodings = 0;
			knownRegions = (
				en,
				Base,
			);
			mainGroup = FC2D413C1CF730970052C6ED;
			productRefGroup = FC2D41461CF730970052C6ED /* Products */;
			projectDirPath = "";
			projectReferences = (
				{
					ProductGroup = FC205FC41D1F7AA20042CB49 /* Products */;
					ProjectRef = FC205FC31D1F7AA20042CB49 /* Alamofire.xcodeproj */;
				},
			);
			projectRoot = "";
			targets = (
				FC2D41441CF730970052C6ED /* ios */,
				FC2D41581CF730970052C6ED /* iosTests */,
			);
		};
/* End PBXProject section */

/* Begin PBXReferenceProxy section */
		FC205FCE1D1F7AA30042CB49 /* Alamofire.framework */ = {
			isa = PBXReferenceProxy;
			fileType = wrapper.framework;
			path = Alamofire.framework;
			remoteRef = FC205FCD1D1F7AA30042CB49 /* PBXContainerItemProxy */;
			sourceTree = BUILT_PRODUCTS_DIR;
		};
		FC205FD01D1F7AA30042CB49 /* Alamofire iOS Tests.xctest */ = {
			isa = PBXReferenceProxy;
			fileType = wrapper.cfbundle;
			path = "Alamofire iOS Tests.xctest";
			remoteRef = FC205FCF1D1F7AA30042CB49 /* PBXContainerItemProxy */;
			sourceTree = BUILT_PRODUCTS_DIR;
		};
		FC205FD21D1F7AA30042CB49 /* Alamofire.framework */ = {
			isa = PBXReferenceProxy;
			fileType = wrapper.framework;
			path = Alamofire.framework;
			remoteRef = FC205FD11D1F7AA30042CB49 /* PBXContainerItemProxy */;
			sourceTree = BUILT_PRODUCTS_DIR;
		};
		FC205FD41D1F7AA30042CB49 /* Alamofire OSX Tests.xctest */ = {
			isa = PBXReferenceProxy;
			fileType = wrapper.cfbundle;
			path = "Alamofire OSX Tests.xctest";
			remoteRef = FC205FD31D1F7AA30042CB49 /* PBXContainerItemProxy */;
			sourceTree = BUILT_PRODUCTS_DIR;
		};
		FC205FD61D1F7AA30042CB49 /* Alamofire.framework */ = {
			isa = PBXReferenceProxy;
			fileType = wrapper.framework;
			path = Alamofire.framework;
			remoteRef = FC205FD51D1F7AA30042CB49 /* PBXContainerItemProxy */;
			sourceTree = BUILT_PRODUCTS_DIR;
		};
		FC205FD81D1F7AA30042CB49 /* Alamofire tvOS Tests.xctest */ = {
			isa = PBXReferenceProxy;
			fileType = wrapper.cfbundle;
			path = "Alamofire tvOS Tests.xctest";
			remoteRef = FC205FD71D1F7AA30042CB49 /* PBXContainerItemProxy */;
			sourceTree = BUILT_PRODUCTS_DIR;
		};
		FC205FDA1D1F7AA30042CB49 /* Alamofire.framework */ = {
			isa = PBXReferenceProxy;
			fileType = wrapper.framework;
			path = Alamofire.framework;
			remoteRef = FC205FD91D1F7AA30042CB49 /* PBXContainerItemProxy */;
			sourceTree = BUILT_PRODUCTS_DIR;
		};
/* End PBXReferenceProxy section */

/* Begin PBXResourcesBuildPhase section */
		FC2D41431CF730970052C6ED /* Resources */ = {
			isa = PBXResourcesBuildPhase;
			buildActionMask = 2147483647;
			files = (
				FC2D41531CF730970052C6ED /* LaunchScreen.storyboard in Resources */,
				FC6D58D91D205546006354A6 /* GoogleService-Info.plist in Resources */,
				FC2D41501CF730970052C6ED /* Assets.xcassets in Resources */,
				FC2D414E1CF730970052C6ED /* Main.storyboard in Resources */,
			);
			runOnlyForDeploymentPostprocessing = 0;
		};
		FC2D41571CF730970052C6ED /* Resources */ = {
			isa = PBXResourcesBuildPhase;
			buildActionMask = 2147483647;
			files = (
			);
			runOnlyForDeploymentPostprocessing = 0;
		};
/* End PBXResourcesBuildPhase section */

/* Begin PBXShellScriptBuildPhase section */
		177AB65B676BAA19D71B0B70 /* [CP] Copy Pods Resources */ = {
			isa = PBXShellScriptBuildPhase;
			buildActionMask = 2147483647;
			files = (
			);
			inputPaths = (
			);
			name = "[CP] Copy Pods Resources";
			outputPaths = (
			);
			runOnlyForDeploymentPostprocessing = 0;
			shellPath = /bin/sh;
			shellScript = "\"${SRCROOT}/Pods/Target Support Files/Pods-ios/Pods-ios-resources.sh\"\n";
			showEnvVarsInLog = 0;
		};
		1C17C9462200B956C8EDE872 /* [CP] Embed Pods Frameworks */ = {
			isa = PBXShellScriptBuildPhase;
			buildActionMask = 2147483647;
			files = (
			);
			inputPaths = (
			);
			name = "[CP] Embed Pods Frameworks";
			outputPaths = (
			);
			runOnlyForDeploymentPostprocessing = 0;
			shellPath = /bin/sh;
			shellScript = "\"${SRCROOT}/Pods/Target Support Files/Pods-iosTests/Pods-iosTests-frameworks.sh\"\n";
			showEnvVarsInLog = 0;
		};
		3A97D4927190D85FA5EEBA4F /* [CP] Check Pods Manifest.lock */ = {
			isa = PBXShellScriptBuildPhase;
			buildActionMask = 2147483647;
			files = (
			);
			inputPaths = (
			);
			name = "[CP] Check Pods Manifest.lock";
			outputPaths = (
			);
			runOnlyForDeploymentPostprocessing = 0;
			shellPath = /bin/sh;
			shellScript = "diff \"${PODS_ROOT}/../Podfile.lock\" \"${PODS_ROOT}/Manifest.lock\" > /dev/null\nif [[ $? != 0 ]] ; then\n    cat << EOM\nerror: The sandbox is not in sync with the Podfile.lock. Run 'pod install' or update your CocoaPods installation.\nEOM\n    exit 1\nfi\n";
			showEnvVarsInLog = 0;
		};
		777EA28E0E0D285762949432 /* [CP] Embed Pods Frameworks */ = {
			isa = PBXShellScriptBuildPhase;
			buildActionMask = 2147483647;
			files = (
			);
			inputPaths = (
			);
			name = "[CP] Embed Pods Frameworks";
			outputPaths = (
			);
			runOnlyForDeploymentPostprocessing = 0;
			shellPath = /bin/sh;
			shellScript = "\"${SRCROOT}/Pods/Target Support Files/Pods-ios/Pods-ios-frameworks.sh\"\n";
			showEnvVarsInLog = 0;
		};
		D00B84DCB3FA81A4F6E2C5E9 /* [CP] Check Pods Manifest.lock */ = {
			isa = PBXShellScriptBuildPhase;
			buildActionMask = 2147483647;
			files = (
			);
			inputPaths = (
			);
			name = "[CP] Check Pods Manifest.lock";
			outputPaths = (
			);
			runOnlyForDeploymentPostprocessing = 0;
			shellPath = /bin/sh;
			shellScript = "diff \"${PODS_ROOT}/../Podfile.lock\" \"${PODS_ROOT}/Manifest.lock\" > /dev/null\nif [[ $? != 0 ]] ; then\n    cat << EOM\nerror: The sandbox is not in sync with the Podfile.lock. Run 'pod install' or update your CocoaPods installation.\nEOM\n    exit 1\nfi\n";
			showEnvVarsInLog = 0;
		};
		D2E7D4106181DD876685341C /* [CP] Copy Pods Resources */ = {
			isa = PBXShellScriptBuildPhase;
			buildActionMask = 2147483647;
			files = (
			);
			inputPaths = (
			);
			name = "[CP] Copy Pods Resources";
			outputPaths = (
			);
			runOnlyForDeploymentPostprocessing = 0;
			shellPath = /bin/sh;
			shellScript = "\"${SRCROOT}/Pods/Target Support Files/Pods-iosTests/Pods-iosTests-resources.sh\"\n";
			showEnvVarsInLog = 0;
		};
/* End PBXShellScriptBuildPhase section */

/* Begin PBXSourcesBuildPhase section */
		FC2D41411CF730970052C6ED /* Sources */ = {
			isa = PBXSourcesBuildPhase;
			buildActionMask = 2147483647;
			files = (
				FC2D414B1CF730970052C6ED /* CreateEventViewController.swift in Sources */,
				FC121B121D1F610500E915DF /* Event.swift in Sources */,
				FC6D58CF1D1FC246006354A6 /* EventViewController.swift in Sources */,
				FC2D41491CF730970052C6ED /* AppDelegate.swift in Sources */,
				FC205FC21D1F783D0042CB49 /* ManagementServer.swift in Sources */,
				FC205FBE1D1F6FE40042CB49 /* EventTableViewCell.swift in Sources */,
				FC5D0D151D1F6F8700A8B8BD /* EventTableViewController.swift in Sources */,
			);
			runOnlyForDeploymentPostprocessing = 0;
		};
		FC2D41551CF730970052C6ED /* Sources */ = {
			isa = PBXSourcesBuildPhase;
			buildActionMask = 2147483647;
			files = (
				FC121B131D1F610500E915DF /* Event.swift in Sources */,
				FC2D415E1CF730970052C6ED /* iosTests.swift in Sources */,
			);
			runOnlyForDeploymentPostprocessing = 0;
		};
/* End PBXSourcesBuildPhase section */

/* Begin PBXTargetDependency section */
		FC205FDE1D1F7B590042CB49 /* PBXTargetDependency */ = {
			isa = PBXTargetDependency;
			name = "Alamofire iOS";
			targetProxy = FC205FDD1D1F7B590042CB49 /* PBXContainerItemProxy */;
		};
		FC2D415B1CF730970052C6ED /* PBXTargetDependency */ = {
			isa = PBXTargetDependency;
			target = FC2D41441CF730970052C6ED /* ios */;
			targetProxy = FC2D415A1CF730970052C6ED /* PBXContainerItemProxy */;
		};
/* End PBXTargetDependency section */

/* Begin PBXVariantGroup section */
		FC2D414C1CF730970052C6ED /* Main.storyboard */ = {
			isa = PBXVariantGroup;
			children = (
				FC2D414D1CF730970052C6ED /* Base */,
			);
			name = Main.storyboard;
			sourceTree = "<group>";
		};
		FC2D41511CF730970052C6ED /* LaunchScreen.storyboard */ = {
			isa = PBXVariantGroup;
			children = (
				FC2D41521CF730970052C6ED /* Base */,
			);
			name = LaunchScreen.storyboard;
			sourceTree = "<group>";
		};
/* End PBXVariantGroup section */

/* Begin XCBuildConfiguration section */
		FC2D41601CF730970052C6ED /* Debug */ = {
			isa = XCBuildConfiguration;
			buildSettings = {
				ALWAYS_SEARCH_USER_PATHS = NO;
				CLANG_ANALYZER_NONNULL = YES;
				CLANG_CXX_LANGUAGE_STANDARD = "gnu++0x";
				CLANG_CXX_LIBRARY = "libc++";
				CLANG_ENABLE_MODULES = YES;
				CLANG_ENABLE_OBJC_ARC = YES;
				CLANG_WARN_BOOL_CONVERSION = YES;
				CLANG_WARN_CONSTANT_CONVERSION = YES;
				CLANG_WARN_DIRECT_OBJC_ISA_USAGE = YES_ERROR;
				CLANG_WARN_EMPTY_BODY = YES;
				CLANG_WARN_ENUM_CONVERSION = YES;
				CLANG_WARN_INT_CONVERSION = YES;
				CLANG_WARN_OBJC_ROOT_CLASS = YES_ERROR;
				CLANG_WARN_UNREACHABLE_CODE = YES;
				CLANG_WARN__DUPLICATE_METHOD_MATCH = YES;
				"CODE_SIGN_IDENTITY[sdk=iphoneos*]" = "iPhone Developer";
				COPY_PHASE_STRIP = NO;
				DEBUG_INFORMATION_FORMAT = dwarf;
				ENABLE_STRICT_OBJC_MSGSEND = YES;
				ENABLE_TESTABILITY = YES;
				GCC_C_LANGUAGE_STANDARD = gnu99;
				GCC_DYNAMIC_NO_PIC = NO;
				GCC_NO_COMMON_BLOCKS = YES;
				GCC_OPTIMIZATION_LEVEL = 0;
				GCC_PREPROCESSOR_DEFINITIONS = (
					"DEBUG=1",
					"$(inherited)",
				);
				GCC_WARN_64_TO_32_BIT_CONVERSION = YES;
				GCC_WARN_ABOUT_RETURN_TYPE = YES_ERROR;
				GCC_WARN_UNDECLARED_SELECTOR = YES;
				GCC_WARN_UNINITIALIZED_AUTOS = YES_AGGRESSIVE;
				GCC_WARN_UNUSED_FUNCTION = YES;
				GCC_WARN_UNUSED_VARIABLE = YES;
				IPHONEOS_DEPLOYMENT_TARGET = 9.3;
				MTL_ENABLE_DEBUG_INFO = YES;
				ONLY_ACTIVE_ARCH = YES;
				SDKROOT = iphoneos;
				SWIFT_OPTIMIZATION_LEVEL = "-Onone";
				TARGETED_DEVICE_FAMILY = "1,2";
			};
			name = Debug;
		};
		FC2D41611CF730970052C6ED /* Release */ = {
			isa = XCBuildConfiguration;
			buildSettings = {
				ALWAYS_SEARCH_USER_PATHS = NO;
				CLANG_ANALYZER_NONNULL = YES;
				CLANG_CXX_LANGUAGE_STANDARD = "gnu++0x";
				CLANG_CXX_LIBRARY = "libc++";
				CLANG_ENABLE_MODULES = YES;
				CLANG_ENABLE_OBJC_ARC = YES;
				CLANG_WARN_BOOL_CONVERSION = YES;
				CLANG_WARN_CONSTANT_CONVERSION = YES;
				CLANG_WARN_DIRECT_OBJC_ISA_USAGE = YES_ERROR;
				CLANG_WARN_EMPTY_BODY = YES;
				CLANG_WARN_ENUM_CONVERSION = YES;
				CLANG_WARN_INT_CONVERSION = YES;
				CLANG_WARN_OBJC_ROOT_CLASS = YES_ERROR;
				CLANG_WARN_UNREACHABLE_CODE = YES;
				CLANG_WARN__DUPLICATE_METHOD_MATCH = YES;
				"CODE_SIGN_IDENTITY[sdk=iphoneos*]" = "iPhone Developer";
				COPY_PHASE_STRIP = NO;
				DEBUG_INFORMATION_FORMAT = "dwarf-with-dsym";
				ENABLE_NS_ASSERTIONS = NO;
				ENABLE_STRICT_OBJC_MSGSEND = YES;
				GCC_C_LANGUAGE_STANDARD = gnu99;
				GCC_NO_COMMON_BLOCKS = YES;
				GCC_WARN_64_TO_32_BIT_CONVERSION = YES;
				GCC_WARN_ABOUT_RETURN_TYPE = YES_ERROR;
				GCC_WARN_UNDECLARED_SELECTOR = YES;
				GCC_WARN_UNINITIALIZED_AUTOS = YES_AGGRESSIVE;
				GCC_WARN_UNUSED_FUNCTION = YES;
				GCC_WARN_UNUSED_VARIABLE = YES;
				IPHONEOS_DEPLOYMENT_TARGET = 9.3;
				MTL_ENABLE_DEBUG_INFO = NO;
				SDKROOT = iphoneos;
				TARGETED_DEVICE_FAMILY = "1,2";
				VALIDATE_PRODUCT = YES;
			};
			name = Release;
		};
		FC2D41631CF730970052C6ED /* Debug */ = {
			isa = XCBuildConfiguration;
			baseConfigurationReference = 2DA9B708EE7290CFC5CA8896 /* Pods-ios.debug.xcconfig */;
			buildSettings = {
				ASSETCATALOG_COMPILER_APPICON_NAME = AppIcon;
				EMBEDDED_CONTENT_CONTAINS_SWIFT = YES;
				INFOPLIST_FILE = ios/Info.plist;
				IPHONEOS_DEPLOYMENT_TARGET = 9.0;
				LD_RUNPATH_SEARCH_PATHS = "$(inherited) @executable_path/Frameworks";
				PRODUCT_BUNDLE_IDENTIFIER = com.traveltime.ios;
				PRODUCT_NAME = "$(TARGET_NAME)";
			};
			name = Debug;
		};
		FC2D41641CF730970052C6ED /* Release */ = {
			isa = XCBuildConfiguration;
			baseConfigurationReference = 90DEAF3BA2C1D6EBBAB2CE81 /* Pods-ios.release.xcconfig */;
			buildSettings = {
				ASSETCATALOG_COMPILER_APPICON_NAME = AppIcon;
				EMBEDDED_CONTENT_CONTAINS_SWIFT = YES;
				INFOPLIST_FILE = ios/Info.plist;
				IPHONEOS_DEPLOYMENT_TARGET = 9.0;
				LD_RUNPATH_SEARCH_PATHS = "$(inherited) @executable_path/Frameworks";
				PRODUCT_BUNDLE_IDENTIFIER = com.traveltime.ios;
				PRODUCT_NAME = "$(TARGET_NAME)";
			};
			name = Release;
		};
		FC2D41661CF730970052C6ED /* Debug */ = {
			isa = XCBuildConfiguration;
			baseConfigurationReference = E529CC3DB5861AA0C6194C1C /* Pods-iosTests.debug.xcconfig */;
			buildSettings = {
				BUNDLE_LOADER = "$(TEST_HOST)";
				INFOPLIST_FILE = iosTests/Info.plist;
				LD_RUNPATH_SEARCH_PATHS = "$(inherited) @executable_path/Frameworks @loader_path/Frameworks";
				PRODUCT_BUNDLE_IDENTIFIER = com.traveltime.iosTests;
				PRODUCT_NAME = "$(TARGET_NAME)";
				TEST_HOST = "$(BUILT_PRODUCTS_DIR)/ios.app/ios";
			};
			name = Debug;
		};
		FC2D41671CF730970052C6ED /* Release */ = {
			isa = XCBuildConfiguration;
			baseConfigurationReference = 800AA86DBDAA65D246441506 /* Pods-iosTests.release.xcconfig */;
			buildSettings = {
				BUNDLE_LOADER = "$(TEST_HOST)";
				INFOPLIST_FILE = iosTests/Info.plist;
				LD_RUNPATH_SEARCH_PATHS = "$(inherited) @executable_path/Frameworks @loader_path/Frameworks";
				PRODUCT_BUNDLE_IDENTIFIER = com.traveltime.iosTests;
				PRODUCT_NAME = "$(TARGET_NAME)";
				TEST_HOST = "$(BUILT_PRODUCTS_DIR)/ios.app/ios";
			};
			name = Release;
		};
/* End XCBuildConfiguration section */

/* Begin XCConfigurationList section */
		FC2D41401CF730970052C6ED /* Build configuration list for PBXProject "ios" */ = {
			isa = XCConfigurationList;
			buildConfigurations = (
				FC2D41601CF730970052C6ED /* Debug */,
				FC2D41611CF730970052C6ED /* Release */,
			);
			defaultConfigurationIsVisible = 0;
			defaultConfigurationName = Release;
		};
		FC2D41621CF730970052C6ED /* Build configuration list for PBXNativeTarget "ios" */ = {
			isa = XCConfigurationList;
			buildConfigurations = (
				FC2D41631CF730970052C6ED /* Debug */,
				FC2D41641CF730970052C6ED /* Release */,
			);
			defaultConfigurationIsVisible = 0;
			defaultConfigurationName = Release;
		};
		FC2D41651CF730970052C6ED /* Build configuration list for PBXNativeTarget "iosTests" */ = {
			isa = XCConfigurationList;
			buildConfigurations = (
				FC2D41661CF730970052C6ED /* Debug */,
				FC2D41671CF730970052C6ED /* Release */,
			);
			defaultConfigurationIsVisible = 0;
			defaultConfigurationName = Release;
		};
/* End XCConfigurationList section */
	};
	rootObject = FC2D413D1CF730970052C6ED /* Project object */;
}
